
Microsoft Visual Studio Solution File, Format Version 12.00
# Visual Studio Version 16
VisualStudioVersion = 16.0.30114.105
MinimumVisualStudioVersion = 10.0.40219.1
Project("{FAE04EC0-301F-11D3-BF4B-00C04F79EFBC}") = "FrugalLoggerPlayground", "FrugalLoggerPlayground\FrugalLoggerPlayground.csproj", "{29E04765-13F2-42B0-A073-49362E15BD99}"
EndProject
Project("{FAE04EC0-301F-11D3-BF4B-00C04F79EFBC}") = "FrugalLoggerV1", "FrugalLoggerV1\FrugalLoggerV1.csproj", "{CFE83F54-4C02-42A4-9D29-1DB14E7295A6}"
EndProject
Global
	GlobalSection(SolutionConfigurationPlatforms) = preSolution
		Debug|Any CPU = Debug|Any CPU
		Release|Any CPU = Release|Any CPU
	EndGlobalSection
	GlobalSection(ProjectConfigurationPlatforms) = postSolution
		{29E04765-13F2-42B0-A073-49362E15BD99}.Debug|Any CPU.ActiveCfg = Debug|Any CPU
		{29E04765-13F2-42B0-A073-49362E15BD99}.Debug|Any CPU.Build.0 = Debug|Any CPU
		{29E04765-13F2-42B0-A073-49362E15BD99}.Release|Any CPU.ActiveCfg = Release|Any CPU
		{29E04765-13F2-42B0-A073-49362E15BD99}.Release|Any CPU.Build.0 = Release|Any CPU
		{CFE83F54-4C02-42A4-9D29-1DB14E7295A6}.Debug|Any CPU.ActiveCfg = Debug|Any CPU
		{CFE83F54-4C02-42A4-9D29-1DB14E7295A6}.Debug|Any CPU.Build.0 = Debug|Any CPU
		{CFE83F54-4C02-42A4-9D29-1DB14E7295A6}.Release|Any CPU.ActiveCfg = Release|Any CPU
		{CFE83F54-4C02-42A4-9D29-1DB14E7295A6}.Release|Any CPU.Build.0 = Release|Any CPU
	EndGlobalSection
	GlobalSection(SolutionProperties) = preSolution
		HideSolutionNode = FALSE
	EndGlobalSection
	GlobalSection(ExtensibilityGlobals) = postSolution
		SolutionGuid = {F760E24C-1E51-4571-A686-3465C5439E1D}
	EndGlobalSection
EndGlobal
